// !$*UTF8*$!
{
	archiveVersion = 1;
	classes = {
	};
	objectVersion = 46;
	objects = {

/* Begin PBXBuildFile section */
		441CD5DD1DE0548E0009C53E /* AppDelegate.swift in Sources */ = {isa = PBXBuildFile; fileRef = 441CD5DC1DE0548E0009C53E /* AppDelegate.swift */; };
		441CD5DF1DE0548E0009C53E /* ViewController.swift in Sources */ = {isa = PBXBuildFile; fileRef = 441CD5DE1DE0548E0009C53E /* ViewController.swift */; };
		441CD5E21DE0548E0009C53E /* Main.storyboard in Resources */ = {isa = PBXBuildFile; fileRef = 441CD5E01DE0548E0009C53E /* Main.storyboard */; };
		441CD5E41DE0548E0009C53E /* Assets.xcassets in Resources */ = {isa = PBXBuildFile; fileRef = 441CD5E31DE0548E0009C53E /* Assets.xcassets */; };
		441CD5E71DE0548E0009C53E /* LaunchScreen.storyboard in Resources */ = {isa = PBXBuildFile; fileRef = 441CD5E51DE0548E0009C53E /* LaunchScreen.storyboard */; };
		D2594447459B4724A0A4F61D /* Pods_Example.framework in Frameworks */ = {isa = PBXBuildFile; fileRef = FF9BFE881CCA84DBF2FD4344 /* Pods_Example.framework */; };
/* End PBXBuildFile section */

/* Begin PBXFileReference section */
		0CB25D370F2790931727E822 /* Pods-Example.debug.xcconfig */ = {isa = PBXFileReference; includeInIndex = 1; lastKnownFileType = text.xcconfig; name = "Pods-Example.debug.xcconfig"; path = "../Pods/Target Support Files/Pods-Example/Pods-Example.debug.xcconfig"; sourceTree = "<group>"; };
		441CD5D91DE0548E0009C53E /* Example.app */ = {isa = PBXFileReference; explicitFileType = wrapper.application; includeInIndex = 0; path = Example.app; sourceTree = BUILT_PRODUCTS_DIR; };
		441CD5DC1DE0548E0009C53E /* AppDelegate.swift */ = {isa = PBXFileReference; lastKnownFileType = sourcecode.swift; path = AppDelegate.swift; sourceTree = "<group>"; };
		441CD5DE1DE0548E0009C53E /* ViewController.swift */ = {isa = PBXFileReference; lastKnownFileType = sourcecode.swift; path = ViewController.swift; sourceTree = "<group>"; };
		441CD5E11DE0548E0009C53E /* Base */ = {isa = PBXFileReference; lastKnownFileType = file.storyboard; name = Base; path = Base.lproj/Main.storyboard; sourceTree = "<group>"; };
		441CD5E31DE0548E0009C53E /* Assets.xcassets */ = {isa = PBXFileReference; lastKnownFileType = folder.assetcatalog; path = Assets.xcassets; sourceTree = "<group>"; };
		441CD5E61DE0548E0009C53E /* Base */ = {isa = PBXFileReference; lastKnownFileType = file.storyboard; name = Base; path = Base.lproj/LaunchScreen.storyboard; sourceTree = "<group>"; };
		441CD5E81DE0548E0009C53E /* Info.plist */ = {isa = PBXFileReference; lastKnownFileType = text.plist.xml; path = Info.plist; sourceTree = "<group>"; };
		4B1A8D036B50828960108E70 /* Pods-Example.release.xcconfig */ = {isa = PBXFileReference; includeInIndex = 1; lastKnownFileType = text.xcconfig; name = "Pods-Example.release.xcconfig"; path = "../Pods/Target Support Files/Pods-Example/Pods-Example.release.xcconfig"; sourceTree = "<group>"; };
		FF9BFE881CCA84DBF2FD4344 /* Pods_Example.framework */ = {isa = PBXFileReference; explicitFileType = wrapper.framework; includeInIndex = 0; path = Pods_Example.framework; sourceTree = BUILT_PRODUCTS_DIR; };
/* End PBXFileReference section */

/* Begin PBXFrameworksBuildPhase section */
		441CD5D61DE0548E0009C53E /* Frameworks */ = {
			isa = PBXFrameworksBuildPhase;
			buildActionMask = 2147483647;
			files = (
				D2594447459B4724A0A4F61D /* Pods_Example.framework in Frameworks */,
			);
			runOnlyForDeploymentPostprocessing = 0;
		};
/* End PBXFrameworksBuildPhase section */

/* Begin PBXGroup section */
		441CD5D01DE0548E0009C53E = {
			isa = PBXGroup;
			children = (
				441CD5DB1DE0548E0009C53E /* Example */,
				441CD5DA1DE0548E0009C53E /* Products */,
				46C6A34C1791B82087E4A228 /* Pods */,
				6F2D5B272EFD423D96EF5229 /* Frameworks */,
			);
			sourceTree = "<group>";
		};
		441CD5DA1DE0548E0009C53E /* Products */ = {
			isa = PBXGroup;
			children = (
				441CD5D91DE0548E0009C53E /* Example.app */,
			);
			name = Products;
			sourceTree = "<group>";
		};
		441CD5DB1DE0548E0009C53E /* Example */ = {
			isa = PBXGroup;
			children = (
				441CD5DC1DE0548E0009C53E /* AppDelegate.swift */,
				441CD5DE1DE0548E0009C53E /* ViewController.swift */,
				441CD5E01DE0548E0009C53E /* Main.storyboard */,
				441CD5E31DE0548E0009C53E /* Assets.xcassets */,
				441CD5E51DE0548E0009C53E /* LaunchScreen.storyboard */,
				441CD5E81DE0548E0009C53E /* Info.plist */,
			);
			path = Example;
			sourceTree = "<group>";
		};
		46C6A34C1791B82087E4A228 /* Pods */ = {
			isa = PBXGroup;
			children = (
				0CB25D370F2790931727E822 /* Pods-Example.debug.xcconfig */,
				4B1A8D036B50828960108E70 /* Pods-Example.release.xcconfig */,
			);
			name = Pods;
			sourceTree = "<group>";
		};
		6F2D5B272EFD423D96EF5229 /* Frameworks */ = {
			isa = PBXGroup;
			children = (
				FF9BFE881CCA84DBF2FD4344 /* Pods_Example.framework */,
			);
			name = Frameworks;
			sourceTree = "<group>";
		};
/* End PBXGroup section */

/* Begin PBXNativeTarget section */
		441CD5D81DE0548E0009C53E /* Example */ = {
			isa = PBXNativeTarget;
			buildConfigurationList = 441CD5EB1DE0548E0009C53E /* Build configuration list for PBXNativeTarget "Example" */;
			buildPhases = (
				2470BD23AEB104F38AA98D91 /* [CP] Check Pods Manifest.lock */,
				441CD5D51DE0548E0009C53E /* Sources */,
				441CD5D61DE0548E0009C53E /* Frameworks */,
				441CD5D71DE0548E0009C53E /* Resources */,
				75FAF48CC20AA7E8E284A9DC /* [CP] Embed Pods Frameworks */,
				AB095CA2180DE8FD5953F1B9 /* [CP] Copy Pods Resources */,
			);
			buildRules = (
			);
			dependencies = (
			);
			name = Example;
			productName = Example;
			productReference = 441CD5D91DE0548E0009C53E /* Example.app */;
			productType = "com.apple.product-type.application";
		};
/* End PBXNativeTarget section */

/* Begin PBXProject section */
		441CD5D11DE0548E0009C53E /* Project object */ = {
			isa = PBXProject;
			attributes = {
				LastSwiftUpdateCheck = 0810;
				LastUpgradeCheck = 0810;
				ORGANIZATIONNAME = pingan;
				TargetAttributes = {
					441CD5D81DE0548E0009C53E = {
						CreatedOnToolsVersion = 8.1;
						DevelopmentTeam = J9AHXPP233;
						ProvisioningStyle = Automatic;
					};
				};
			};
			buildConfigurationList = 441CD5D41DE0548E0009C53E /* Build configuration list for PBXProject "Example" */;
			compatibilityVersion = "Xcode 3.2";
			developmentRegion = English;
			hasScannedForEncodings = 0;
			knownRegions = (
				en,
				Base,
			);
			mainGroup = 441CD5D01DE0548E0009C53E;
			productRefGroup = 441CD5DA1DE0548E0009C53E /* Products */;
			projectDirPath = "";
			projectRoot = "";
			targets = (
				441CD5D81DE0548E0009C53E /* Example */,
			);
		};
/* End PBXProject section */

/* Begin PBXResourcesBuildPhase section */
		441CD5D71DE0548E0009C53E /* Resources */ = {
			isa = PBXResourcesBuildPhase;
			buildActionMask = 2147483647;
			files = (
				441CD5E71DE0548E0009C53E /* LaunchScreen.storyboard in Resources */,
				441CD5E41DE0548E0009C53E /* Assets.xcassets in Resources */,
				441CD5E21DE0548E0009C53E /* Main.storyboard in Resources */,
			);
			runOnlyForDeploymentPostprocessing = 0;
		};
/* End PBXResourcesBuildPhase section */

/* Begin PBXShellScriptBuildPhase section */
		2470BD23AEB104F38AA98D91 /* [CP] Check Pods Manifest.lock */ = {
			isa = PBXShellScriptBuildPhase;
			buildActionMask = 2147483647;
			files = (
			);
			inputPaths = (
			);
			name = "[CP] Check Pods Manifest.lock";
			outputPaths = (
			);
			runOnlyForDeploymentPostprocessing = 0;
			shellPath = /bin/sh;
			shellScript = "diff \"${PODS_ROOT}/../Podfile.lock\" \"${PODS_ROOT}/Manifest.lock\" > /dev/null\nif [ $? != 0 ] ; then\n    # print error to STDERR\n    echo \"error: The sandbox is not in sync with the Podfile.lock. Run 'pod install' or update your CocoaPods installation.\" >&2\n    exit 1\nfi\n";
			showEnvVarsInLog = 0;
		};
		75FAF48CC20AA7E8E284A9DC /* [CP] Embed Pods Frameworks */ = {
			isa = PBXShellScriptBuildPhase;
			buildActionMask = 2147483647;
			files = (
			);
			inputPaths = (
			);
			name = "[CP] Embed Pods Frameworks";
			outputPaths = (
			);
			runOnlyForDeploymentPostprocessing = 0;
			shellPath = /bin/sh;
			shellScript = "\"${SRCROOT}/../Pods/Target Support Files/Pods-Example/Pods-Example-frameworks.sh\"\n";
			showEnvVarsInLog = 0;
		};
		AB095CA2180DE8FD5953F1B9 /* [CP] Copy Pods Resources */ = {
			isa = PBXShellScriptBuildPhase;
			buildActionMask = 2147483647;
			files = (
			);
			inputPaths = (
			);
			name = "[CP] Copy Pods Resources";
			outputPaths = (
			);
			runOnlyForDeploymentPostprocessing = 0;
			shellPath = /bin/sh;
			shellScript = "\"${SRCROOT}/../Pods/Target Support Files/Pods-Example/Pods-Example-resources.sh\"\n";
			showEnvVarsInLog = 0;
		};
/* End PBXShellScriptBuildPhase section */

/* Begin PBXSourcesBuildPhase section */
		441CD5D51DE0548E0009C53E /* Sources */ = {
			isa = PBXSourcesBuildPhase;
			buildActionMask = 2147483647;
			files = (
				441CD5DF1DE0548E0009C53E /* ViewController.swift in Sources */,
				441CD5DD1DE0548E0009C53E /* AppDelegate.swift in Sources */,
			);
			runOnlyForDeploymentPostprocessing = 0;
		};
/* End PBXSourcesBuildPhase section */

/* Begin PBXVariantGroup section */
		441CD5E01DE0548E0009C53E /* Main.storyboard */ = {
			isa = PBXVariantGroup;
			children = (
				441CD5E11DE0548E0009C53E /* Base */,
			);
			name = Main.storyboard;
			sourceTree = "<group>";
		};
		441CD5E51DE0548E0009C53E /* LaunchScreen.storyboard */ = {
			isa = PBXVariantGroup;
			children = (
				441CD5E61DE0548E0009C53E /* Base */,
			);
			name = LaunchScreen.storyboard;
			sourceTree = "<group>";
		};
/* End PBXVariantGroup section */

/* Begin XCBuildConfiguration section */
		441CD5E91DE0548E0009C53E /* Debug */ = {
			isa = XCBuildConfiguration;
			buildSettings = {
				ALWAYS_SEARCH_USER_PATHS = NO;
				CLANG_ANALYZER_NONNULL = YES;
				CLANG_CXX_LANGUAGE_STANDARD = "gnu++0x";
				CLANG_CXX_LIBRARY = "libc++";
				CLANG_ENABLE_MODULES = YES;
				CLANG_ENABLE_OBJC_ARC = YES;
				CLANG_WARN_BOOL_CONVERSION = YES;
				CLANG_WARN_CONSTANT_CONVERSION = YES;
				CLANG_WARN_DIRECT_OBJC_ISA_USAGE = YES_ERROR;
				CLANG_WARN_DOCUMENTATION_COMMENTS = YES;
				CLANG_WARN_EMPTY_BODY = YES;
				CLANG_WARN_ENUM_CONVERSION = YES;
				CLANG_WARN_INFINITE_RECURSION = YES;
				CLANG_WARN_INT_CONVERSION = YES;
				CLANG_WARN_OBJC_ROOT_CLASS = YES_ERROR;
				CLANG_WARN_SUSPICIOUS_MOVES = YES;
				CLANG_WARN_UNREACHABLE_CODE = YES;
				CLANG_WARN__DUPLICATE_METHOD_MATCH = YES;
				"CODE_SIGN_IDENTITY[sdk=iphoneos*]" = "iPhone Developer";
				COPY_PHASE_STRIP = NO;
				DEBUG_INFORMATION_FORMAT = dwarf;
				ENABLE_STRICT_OBJC_MSGSEND = YES;
				ENABLE_TESTABILITY = YES;
				GCC_C_LANGUAGE_STANDARD = gnu99;
				GCC_DYNAMIC_NO_PIC = NO;
				GCC_NO_COMMON_BLOCKS = YES;
				GCC_OPTIMIZATION_LEVEL = 0;
				GCC_PREPROCESSOR_DEFINITIONS = (
					"DEBUG=1",
					"$(inherited)",
				);
				GCC_WARN_64_TO_32_BIT_CONVERSION = YES;
				GCC_WARN_ABOUT_RETURN_TYPE = YES_ERROR;
				GCC_WARN_UNDECLARED_SELECTOR = YES;
				GCC_WARN_UNINITIALIZED_AUTOS = YES_AGGRESSIVE;
				GCC_WARN_UNUSED_FUNCTION = YES;
				GCC_WARN_UNUSED_VARIABLE = YES;
				IPHONEOS_DEPLOYMENT_TARGET = 10.1;
				MTL_ENABLE_DEBUG_INFO = YES;
				ONLY_ACTIVE_ARCH = YES;
				SDKROOT = iphoneos;
				SWIFT_ACTIVE_COMPILATION_CONDITIONS = DEBUG;
				SWIFT_OPTIMIZATION_LEVEL = "-Onone";
				TARGETED_DEVICE_FAMILY = "1,2";
			};
			name = Debug;
		};
		441CD5EA1DE0548E0009C53E /* Release */ = {
			isa = XCBuildConfiguration;
			buildSettings = {
				ALWAYS_SEARCH_USER_PATHS = NO;
				CLANG_ANALYZER_NONNULL = YES;
				CLANG_CXX_LANGUAGE_STANDARD = "gnu++0x";
				CLANG_CXX_LIBRARY = "libc++";
				CLANG_ENABLE_MODULES = YES;
				CLANG_ENABLE_OBJC_ARC = YES;
				CLANG_WARN_BOOL_CONVERSION = YES;
				CLANG_WARN_CONSTANT_CONVERSION = YES;
				CLANG_WARN_DIRECT_OBJC_ISA_USAGE = YES_ERROR;
				CLANG_WARN_DOCUMENTATION_COMMENTS = YES;
				CLANG_WARN_EMPTY_BODY = YES;
				CLANG_WARN_ENUM_CONVERSION = YES;
				CLANG_WARN_INFINITE_RECURSION = YES;
				CLANG_WARN_INT_CONVERSION = YES;
				CLANG_WARN_OBJC_ROOT_CLASS = YES_ERROR;
				CLANG_WARN_SUSPICIOUS_MOVES = YES;
				CLANG_WARN_UNREACHABLE_CODE = YES;
				CLANG_WARN__DUPLICATE_METHOD_MATCH = YES;
				"CODE_SIGN_IDENTITY[sdk=iphoneos*]" = "iPhone Developer";
				COPY_PHASE_STRIP = NO;
				DEBUG_INFORMATION_FORMAT = "dwarf-with-dsym";
				ENABLE_NS_ASSERTIONS = NO;
				ENABLE_STRICT_OBJC_MSGSEND = YES;
				GCC_C_LANGUAGE_STANDARD = gnu99;
				GCC_NO_COMMON_BLOCKS = YES;
				GCC_WARN_64_TO_32_BIT_CONVERSION = YES;
				GCC_WARN_ABOUT_RETURN_TYPE = YES_ERROR;
				GCC_WARN_UNDECLARED_SELECTOR = YES;
				GCC_WARN_UNINITIALIZED_AUTOS = YES_AGGRESSIVE;
				GCC_WARN_UNUSED_FUNCTION = YES;
				GCC_WARN_UNUSED_VARIABLE = YES;
				IPHONEOS_DEPLOYMENT_TARGET = 10.1;
				MTL_ENABLE_DEBUG_INFO = NO;
				SDKROOT = iphoneos;
				SWIFT_OPTIMIZATION_LEVEL = "-Owholemodule";
				TARGETED_DEVICE_FAMILY = "1,2";
				VALIDATE_PRODUCT = YES;
			};
			name = Release;
		};
		441CD5EC1DE0548E0009C53E /* Debug */ = {
			isa = XCBuildConfiguration;
			baseConfigurationReference = 0CB25D370F2790931727E822 /* Pods-Example.debug.xcconfig */;
			buildSettings = {
				ASSETCATALOG_COMPILER_APPICON_NAME = AppIcon;
				DEVELOPMENT_TEAM = J9AHXPP233;
				INFOPLIST_FILE = Example/Info.plist;
				LD_RUNPATH_SEARCH_PATHS = "$(inherited) @executable_path/Frameworks";
				PRODUCT_BUNDLE_IDENTIFIER = com.pingan.Example;
				PRODUCT_NAME = "$(TARGET_NAME)";
				SWIFT_VERSION = 3.0;
			};
			name = Debug;
		};
		441CD5ED1DE0548E0009C53E /* Release */ = {
			isa = XCBuildConfiguration;
			baseConfigurationReference = 4B1A8D036B50828960108E70 /* Pods-Example.release.xcconfig */;
			buildSettings = {
				ASSETCATALOG_COMPILER_APPICON_NAME = AppIcon;
				DEVELOPMENT_TEAM = J9AHXPP233;
				INFOPLIST_FILE = Example/Info.plist;
				LD_RUNPATH_SEARCH_PATHS = "$(inherited) @executable_path/Frameworks";
				PRODUCT_BUNDLE_IDENTIFIER = com.pingan.Example;
				PRODUCT_NAME = "$(TARGET_NAME)";
				SWIFT_VERSION = 3.0;
			};
			name = Release;
		};
/* End XCBuildConfiguration section */

/* Begin XCConfigurationList section */
		441CD5D41DE0548E0009C53E /* Build configuration list for PBXProject "Example" */ = {
			isa = XCConfigurationList;
			buildConfigurations = (
				441CD5E91DE0548E0009C53E /* Debug */,
				441CD5EA1DE0548E0009C53E /* Release */,
			);
			defaultConfigurationIsVisible = 0;
			defaultConfigurationName = Release;
		};
		441CD5EB1DE0548E0009C53E /* Build configuration list for PBXNativeTarget "Example" */ = {
			isa = XCConfigurationList;
			buildConfigurations = (
				441CD5EC1DE0548E0009C53E /* Debug */,
				441CD5ED1DE0548E0009C53E /* Release */,
			);
			defaultConfigurationIsVisible = 0;
		};
/* End XCConfigurationList section */
	};
	rootObject = 441CD5D11DE0548E0009C53E /* Project object */;
}
